{
  "name": "@storedash/product-service",
  "version": "1.0.0",
  "lockfileVersion": 3,
  "requires": true,
  "packages": {
    "": {
      "name": "@storedash/product-service",
      "version": "1.0.0",
      "license": "ISC",
      "dependencies": {
        "@prisma/client": "^6.2.1",
        "dotenv": "^16.4.7",
        "express": "^4.21.2"
      },
      "devDependencies": {
        "@types/express": "^5.0.0",
        "prisma": "^6.2.1"
      }
    },
    "../../node_modules/.pnpm/@types+express@5.0.0/node_modules/@types/express": {
      "version": "5.0.0",
      "dev": true,
      "license": "MIT",
      "dependencies": {
        "@types/body-parser": "*",
        "@types/express-serve-static-core": "^5.0.0",
        "@types/qs": "*",
        "@types/serve-static": "*"
      }
    },
    "../../node_modules/.pnpm/dotenv@16.4.7/node_modules/dotenv": {
      "version": "16.4.7",
      "license": "BSD-2-Clause",
      "devDependencies": {
        "@types/node": "^18.11.3",
        "decache": "^4.6.2",
        "sinon": "^14.0.1",
        "standard": "^17.0.0",
        "standard-version": "^9.5.0",
        "tap": "^19.2.0",
        "typescript": "^4.8.4"
      },
      "engines": {
        "node": ">=12"
      },
      "funding": {
        "url": "https://dotenvx.com"
      }
    },
    "../../node_modules/.pnpm/express@4.21.2/node_modules/express": {
      "version": "4.21.2",
      "license": "MIT",
      "dependencies": {
        "accepts": "~1.3.8",
        "array-flatten": "1.1.1",
        "body-parser": "1.20.3",
        "content-disposition": "0.5.4",
        "content-type": "~1.0.4",
        "cookie": "0.7.1",
        "cookie-signature": "1.0.6",
        "debug": "2.6.9",
        "depd": "2.0.0",
        "encodeurl": "~2.0.0",
        "escape-html": "~1.0.3",
        "etag": "~1.8.1",
        "finalhandler": "1.3.1",
        "fresh": "0.5.2",
        "http-errors": "2.0.0",
        "merge-descriptors": "1.0.3",
        "methods": "~1.1.2",
        "on-finished": "2.4.1",
        "parseurl": "~1.3.3",
        "path-to-regexp": "0.1.12",
        "proxy-addr": "~2.0.7",
        "qs": "6.13.0",
        "range-parser": "~1.2.1",
        "safe-buffer": "5.2.1",
        "send": "0.19.0",
        "serve-static": "1.16.2",
        "setprototypeof": "1.2.0",
        "statuses": "2.0.1",
        "type-is": "~1.6.18",
        "utils-merge": "1.0.1",
        "vary": "~1.1.2"
      },
      "devDependencies": {
        "after": "0.8.2",
        "connect-redis": "3.4.2",
        "cookie-parser": "1.4.6",
        "cookie-session": "2.0.0",
        "ejs": "3.1.9",
        "eslint": "8.47.0",
        "express-session": "1.17.2",
        "hbs": "4.2.0",
        "marked": "0.7.0",
        "method-override": "3.0.0",
        "mocha": "10.2.0",
        "morgan": "1.10.0",
        "nyc": "15.1.0",
        "pbkdf2-password": "1.2.1",
        "supertest": "6.3.0",
        "vhost": "~3.0.2"
      },
      "engines": {
        "node": ">= 0.10.0"
      },
      "funding": {
        "type": "opencollective",
        "url": "https://opencollective.com/express"
      }
    },
    "node_modules/@prisma/client": {
      "version": "6.2.1",
      "resolved": "https://registry.npmjs.org/@prisma/client/-/client-6.2.1.tgz",
      "integrity": "sha512-msKY2iRLISN8t5X0Tj7hU0UWet1u0KuxSPHWuf3IRkB4J95mCvGpyQBfQ6ufcmvKNOMQSq90O2iUmJEN2e5fiA==",
      "hasInstallScript": true,
      "license": "Apache-2.0",
      "engines": {
        "node": ">=18.18"
      },
      "peerDependencies": {
        "prisma": "*"
      },
      "peerDependenciesMeta": {
        "prisma": {
          "optional": true
        }
      }
    },
    "node_modules/@prisma/debug": {
      "version": "6.2.1",
      "resolved": "https://registry.npmjs.org/@prisma/debug/-/debug-6.2.1.tgz",
      "integrity": "sha512-0KItvt39CmQxWkEw6oW+RQMD6RZ43SJWgEUnzxN8VC9ixMysa7MzZCZf22LCK5DSooiLNf8vM3LHZm/I/Ni7bQ==",
      "devOptional": true,
      "license": "Apache-2.0"
    },
    "node_modules/@prisma/engines": {
      "version": "6.2.1",
      "resolved": "https://registry.npmjs.org/@prisma/engines/-/engines-6.2.1.tgz",
      "integrity": "sha512-lTBNLJBCxVT9iP5I7Mn6GlwqAxTpS5qMERrhebkUhtXpGVkBNd/jHnNJBZQW4kGDCKaQg/r2vlJYkzOHnAb7ZQ==",
      "devOptional": true,
      "hasInstallScript": true,
      "license": "Apache-2.0",
      "dependencies": {
        "@prisma/debug": "6.2.1",
        "@prisma/engines-version": "6.2.0-14.4123509d24aa4dede1e864b46351bf2790323b69",
        "@prisma/fetch-engine": "6.2.1",
        "@prisma/get-platform": "6.2.1"
      }
    },
    "node_modules/@prisma/engines-version": {
      "version": "6.2.0-14.4123509d24aa4dede1e864b46351bf2790323b69",
      "resolved": "https://registry.npmjs.org/@prisma/engines-version/-/engines-version-6.2.0-14.4123509d24aa4dede1e864b46351bf2790323b69.tgz",
      "integrity": "sha512-7tw1qs/9GWSX6qbZs4He09TOTg1ff3gYsB3ubaVNN0Pp1zLm9NC5C5MZShtkz7TyQjx7blhpknB7HwEhlG+PrQ==",
      "devOptional": true,
      "license": "Apache-2.0"
    },
    "node_modules/@prisma/fetch-engine": {
      "version": "6.2.1",
      "resolved": "https://registry.npmjs.org/@prisma/fetch-engine/-/fetch-engine-6.2.1.tgz",
      "integrity": "sha512-OO7O9d6Mrx2F9i+Gu1LW+DGXXyUFkP7OE5aj9iBfA/2jjDXEJjqa9X0ZmM9NZNo8Uo7ql6zKm6yjDcbAcRrw1A==",
      "devOptional": true,
      "license": "Apache-2.0",
      "dependencies": {
        "@prisma/debug": "6.2.1",
        "@prisma/engines-version": "6.2.0-14.4123509d24aa4dede1e864b46351bf2790323b69",
        "@prisma/get-platform": "6.2.1"
      }
    },
    "node_modules/@prisma/get-platform": {
      "version": "6.2.1",
      "resolved": "https://registry.npmjs.org/@prisma/get-platform/-/get-platform-6.2.1.tgz",
      "integrity": "sha512-zp53yvroPl5m5/gXYLz7tGCNG33bhG+JYCm74ohxOq1pPnrL47VQYFfF3RbTZ7TzGWCrR3EtoiYMywUBw7UK6Q==",
      "devOptional": true,
      "license": "Apache-2.0",
      "dependencies": {
        "@prisma/debug": "6.2.1"
      }
    },
    "node_modules/@types/express": {
      "resolved": "../../node_modules/.pnpm/@types+express@5.0.0/node_modules/@types/express",
      "link": true
    },
    "node_modules/dotenv": {
      "resolved": "../../node_modules/.pnpm/dotenv@16.4.7/node_modules/dotenv",
      "link": true
    },
    "node_modules/express": {
      "resolved": "../../node_modules/.pnpm/express@4.21.2/node_modules/express",
      "link": true
    },
    "node_modules/fsevents": {
      "version": "2.3.3",
      "resolved": "https://registry.npmjs.org/fsevents/-/fsevents-2.3.3.tgz",
      "integrity": "sha512-5xoDfX+fL7faATnagmWPpbFtwh/R77WmMMqqHGS65C3vvB0YHrgF+B1YmZ3441tMj5n63k0212XNoJwzlhffQw==",
      "dev": true,
      "hasInstallScript": true,
      "license": "MIT",
      "optional": true,
      "os": [
        "darwin"
      ],
      "engines": {
        "node": "^8.16.0 || ^10.6.0 || >=11.0.0"
      }
    },
    "node_modules/prisma": {
      "version": "6.2.1",
      "resolved": "https://registry.npmjs.org/prisma/-/prisma-6.2.1.tgz",
      "integrity": "sha512-hhyM0H13pQleQ+br4CkzGizS5I0oInoeTw3JfLw1BRZduBSQxPILlJLwi+46wZzj9Je7ndyQEMGw/n5cN2fknA==",
      "devOptional": true,
      "hasInstallScript": true,
      "license": "Apache-2.0",
      "dependencies": {
        "@prisma/engines": "6.2.1"
      },
      "bin": {
        "prisma": "build/index.js"
      },
      "engines": {
        "node": ">=18.18"
      },
      "optionalDependencies": {
        "fsevents": "2.3.3"
      }
    }
  }
}
